// !$*UTF8*$!
{
	archiveVersion = 1;
	classes = {
	};
	objectVersion = 46;
	objects = {

/* Begin PBXBuildFile section */
		2F581D9C1EE9441B0091CC7C /* AppDelegate.swift in Sources */ = {isa = PBXBuildFile; fileRef = 2F581D9B1EE9441B0091CC7C /* AppDelegate.swift */; };
		2F581D9E1EE9441B0091CC7C /* ViewController.swift in Sources */ = {isa = PBXBuildFile; fileRef = 2F581D9D1EE9441B0091CC7C /* ViewController.swift */; };
		2F581DA11EE9441B0091CC7C /* Main.storyboard in Resources */ = {isa = PBXBuildFile; fileRef = 2F581D9F1EE9441B0091CC7C /* Main.storyboard */; };
		2F581DA31EE9441B0091CC7C /* Assets.xcassets in Resources */ = {isa = PBXBuildFile; fileRef = 2F581DA21EE9441B0091CC7C /* Assets.xcassets */; };
		2F581DA61EE9441B0091CC7C /* LaunchScreen.storyboard in Resources */ = {isa = PBXBuildFile; fileRef = 2F581DA41EE9441B0091CC7C /* LaunchScreen.storyboard */; };
		2F581DB11EE9441B0091CC7C /* FirProjTests.swift in Sources */ = {isa = PBXBuildFile; fileRef = 2F581DB01EE9441B0091CC7C /* FirProjTests.swift */; };
		2F581DBC1EE9441B0091CC7C /* FirProjUITests.swift in Sources */ = {isa = PBXBuildFile; fileRef = 2F581DBB1EE9441B0091CC7C /* FirProjUITests.swift */; };
/* End PBXBuildFile section */

/* Begin PBXContainerItemProxy section */
		2F581DAD1EE9441B0091CC7C /* PBXContainerItemProxy */ = {
			isa = PBXContainerItemProxy;
			containerPortal = 2F581D901EE9441B0091CC7C /* Project object */;
			proxyType = 1;
			remoteGlobalIDString = 2F581D971EE9441B0091CC7C;
			remoteInfo = FirProj;
		};
		2F581DB81EE9441B0091CC7C /* PBXContainerItemProxy */ = {
			isa = PBXContainerItemProxy;
			containerPortal = 2F581D901EE9441B0091CC7C /* Project object */;
			proxyType = 1;
			remoteGlobalIDString = 2F581D971EE9441B0091CC7C;
			remoteInfo = FirProj;
		};
/* End PBXContainerItemProxy section */

/* Begin PBXFileReference section */
		2F581D981EE9441B0091CC7C /* FirProj.app */ = {isa = PBXFileReference; explicitFileType = wrapper.application; includeInIndex = 0; path = FirProj.app; sourceTree = BUILT_PRODUCTS_DIR; };
		2F581D9B1EE9441B0091CC7C /* AppDelegate.swift */ = {isa = PBXFileReference; lastKnownFileType = sourcecode.swift; path = AppDelegate.swift; sourceTree = "<group>"; };
		2F581D9D1EE9441B0091CC7C /* ViewController.swift */ = {isa = PBXFileReference; lastKnownFileType = sourcecode.swift; path = ViewController.swift; sourceTree = "<group>"; };
		2F581DA01EE9441B0091CC7C /* Base */ = {isa = PBXFileReference; lastKnownFileType = file.storyboard; name = Base; path = Base.lproj/Main.storyboard; sourceTree = "<group>"; };
		2F581DA21EE9441B0091CC7C /* Assets.xcassets */ = {isa = PBXFileReference; lastKnownFileType = folder.assetcatalog; path = Assets.xcassets; sourceTree = "<group>"; };
		2F581DA51EE9441B0091CC7C /* Base */ = {isa = PBXFileReference; lastKnownFileType = file.storyboard; name = Base; path = Base.lproj/LaunchScreen.storyboard; sourceTree = "<group>"; };
		2F581DA71EE9441B0091CC7C /* Info.plist */ = {isa = PBXFileReference; lastKnownFileType = text.plist.xml; path = Info.plist; sourceTree = "<group>"; };
		2F581DAC1EE9441B0091CC7C /* FirProjTests.xctest */ = {isa = PBXFileReference; explicitFileType = wrapper.cfbundle; includeInIndex = 0; path = FirProjTests.xctest; sourceTree = BUILT_PRODUCTS_DIR; };
		2F581DB01EE9441B0091CC7C /* FirProjTests.swift */ = {isa = PBXFileReference; lastKnownFileType = sourcecode.swift; path = FirProjTests.swift; sourceTree = "<group>"; };
		2F581DB21EE9441B0091CC7C /* Info.plist */ = {isa = PBXFileReference; lastKnownFileType = text.plist.xml; path = Info.plist; sourceTree = "<group>"; };
		2F581DB71EE9441B0091CC7C /* FirProjUITests.xctest */ = {isa = PBXFileReference; explicitFileType = wrapper.cfbundle; includeInIndex = 0; path = FirProjUITests.xctest; sourceTree = BUILT_PRODUCTS_DIR; };
		2F581DBB1EE9441B0091CC7C /* FirProjUITests.swift */ = {isa = PBXFileReference; lastKnownFileType = sourcecode.swift; path = FirProjUITests.swift; sourceTree = "<group>"; };
		2F581DBD1EE9441B0091CC7C /* Info.plist */ = {isa = PBXFileReference; lastKnownFileType = text.plist.xml; path = Info.plist; sourceTree = "<group>"; };
/* End PBXFileReference section */

/* Begin PBXFrameworksBuildPhase section */
		2F581D951EE9441B0091CC7C /* Frameworks */ = {
			isa = PBXFrameworksBuildPhase;
			buildActionMask = 2147483647;
			files = (
			);
			runOnlyForDeploymentPostprocessing = 0;
		};
		2F581DA91EE9441B0091CC7C /* Frameworks */ = {
			isa = PBXFrameworksBuildPhase;
			buildActionMask = 2147483647;
			files = (
			);
			runOnlyForDeploymentPostprocessing = 0;
		};
		2F581DB41EE9441B0091CC7C /* Frameworks */ = {
			isa = PBXFrameworksBuildPhase;
			buildActionMask = 2147483647;
			files = (
			);
			runOnlyForDeploymentPostprocessing = 0;
		};
/* End PBXFrameworksBuildPhase section */

/* Begin PBXGroup section */
		2F581D8F1EE9441B0091CC7C = {
			isa = PBXGroup;
			children = (
				2F581D9A1EE9441B0091CC7C /* FirProj */,
				2F581DAF1EE9441B0091CC7C /* FirProjTests */,
				2F581DBA1EE9441B0091CC7C /* FirProjUITests */,
				2F581D991EE9441B0091CC7C /* Products */,
			);
			sourceTree = "<group>";
		};
		2F581D991EE9441B0091CC7C /* Products */ = {
			isa = PBXGroup;
			children = (
				2F581D981EE9441B0091CC7C /* FirProj.app */,
				2F581DAC1EE9441B0091CC7C /* FirProjTests.xctest */,
				2F581DB71EE9441B0091CC7C /* FirProjUITests.xctest */,
			);
			name = Products;
			sourceTree = "<group>";
		};
		2F581D9A1EE9441B0091CC7C /* FirProj */ = {
			isa = PBXGroup;
			children = (
				2F581D9B1EE9441B0091CC7C /* AppDelegate.swift */,
				2F581D9D1EE9441B0091CC7C /* ViewController.swift */,
				2F581D9F1EE9441B0091CC7C /* Main.storyboard */,
				2F581DA21EE9441B0091CC7C /* Assets.xcassets */,
				2F581DA41EE9441B0091CC7C /* LaunchScreen.storyboard */,
				2F581DA71EE9441B0091CC7C /* Info.plist */,
			);
			path = FirProj;
			sourceTree = "<group>";
		};
		2F581DAF1EE9441B0091CC7C /* FirProjTests */ = {
			isa = PBXGroup;
			children = (
				2F581DB01EE9441B0091CC7C /* FirProjTests.swift */,
				2F581DB21EE9441B0091CC7C /* Info.plist */,
			);
			path = FirProjTests;
			sourceTree = "<group>";
		};
		2F581DBA1EE9441B0091CC7C /* FirProjUITests */ = {
			isa = PBXGroup;
			children = (
				2F581DBB1EE9441B0091CC7C /* FirProjUITests.swift */,
				2F581DBD1EE9441B0091CC7C /* Info.plist */,
			);
			path = FirProjUITests;
			sourceTree = "<group>";
		};
/* End PBXGroup section */

/* Begin PBXNativeTarget section */
		2F581D971EE9441B0091CC7C /* FirProj */ = {
			isa = PBXNativeTarget;
			buildConfigurationList = 2F581DC01EE9441B0091CC7C /* Build configuration list for PBXNativeTarget "FirProj" */;
			buildPhases = (
				2F581D941EE9441B0091CC7C /* Sources */,
				2F581D951EE9441B0091CC7C /* Frameworks */,
				2F581D961EE9441B0091CC7C /* Resources */,
			);
			buildRules = (
			);
			dependencies = (
			);
			name = FirProj;
			productName = FirProj;
			productReference = 2F581D981EE9441B0091CC7C /* FirProj.app */;
			productType = "com.apple.product-type.application";
		};
		2F581DAB1EE9441B0091CC7C /* FirProjTests */ = {
			isa = PBXNativeTarget;
			buildConfigurationList = 2F581DC31EE9441B0091CC7C /* Build configuration list for PBXNativeTarget "FirProjTests" */;
			buildPhases = (
				2F581DA81EE9441B0091CC7C /* Sources */,
				2F581DA91EE9441B0091CC7C /* Frameworks */,
				2F581DAA1EE9441B0091CC7C /* Resources */,
			);
			buildRules = (
			);
			dependencies = (
				2F581DAE1EE9441B0091CC7C /* PBXTargetDependency */,
			);
			name = FirProjTests;
			productName = FirProjTests;
			productReference = 2F581DAC1EE9441B0091CC7C /* FirProjTests.xctest */;
			productType = "com.apple.product-type.bundle.unit-test";
		};
		2F581DB61EE9441B0091CC7C /* FirProjUITests */ = {
			isa = PBXNativeTarget;
			buildConfigurationList = 2F581DC61EE9441B0091CC7C /* Build configuration list for PBXNativeTarget "FirProjUITests" */;
			buildPhases = (
				2F581DB31EE9441B0091CC7C /* Sources */,
				2F581DB41EE9441B0091CC7C /* Frameworks */,
				2F581DB51EE9441B0091CC7C /* Resources */,
			);
			buildRules = (
			);
			dependencies = (
				2F581DB91EE9441B0091CC7C /* PBXTargetDependency */,
			);
			name = FirProjUITests;
			productName = FirProjUITests;
			productReference = 2F581DB71EE9441B0091CC7C /* FirProjUITests.xctest */;
			productType = "com.apple.product-type.bundle.ui-testing";
		};
/* End PBXNativeTarget section */

/* Begin PBXProject section */
		2F581D901EE9441B0091CC7C /* Project object */ = {
			isa = PBXProject;
			attributes = {
				LastSwiftUpdateCheck = 0830;
				LastUpgradeCheck = 0830;
				ORGANIZATIONNAME = "Justin Samuels";
				TargetAttributes = {
					2F581D971EE9441B0091CC7C = {
						CreatedOnToolsVersion = 8.3.3;
						ProvisioningStyle = Automatic;
					};
					2F581DAB1EE9441B0091CC7C = {
						CreatedOnToolsVersion = 8.3.3;
						ProvisioningStyle = Automatic;
						TestTargetID = 2F581D971EE9441B0091CC7C;
					};
					2F581DB61EE9441B0091CC7C = {
						CreatedOnToolsVersion = 8.3.3;
						ProvisioningStyle = Automatic;
						TestTargetID = 2F581D971EE9441B0091CC7C;
					};
				};
			};
			buildConfigurationList = 2F581D931EE9441B0091CC7C /* Build configuration list for PBXProject "FirProj" */;
			compatibilityVersion = "Xcode 3.2";
			developmentRegion = English;
			hasScannedForEncodings = 0;
			knownRegions = (
				en,
				Base,
			);
			mainGroup = 2F581D8F1EE9441B0091CC7C;
			productRefGroup = 2F581D991EE9441B0091CC7C /* Products */;
			projectDirPath = "";
			projectRoot = "";
			targets = (
				2F581D971EE9441B0091CC7C /* FirProj */,
				2F581DAB1EE9441B0091CC7C /* FirProjTests */,
				2F581DB61EE9441B0091CC7C /* FirProjUITests */,
			);
		};
/* End PBXProject section */

/* Begin PBXResourcesBuildPhase section */
		2F581D961EE9441B0091CC7C /* Resources */ = {
			isa = PBXResourcesBuildPhase;
			buildActionMask = 2147483647;
			files = (
				2F581DA61EE9441B0091CC7C /* LaunchScreen.storyboard in Resources */,
				2F581DA31EE9441B0091CC7C /* Assets.xcassets in Resources */,
				2F581DA11EE9441B0091CC7C /* Main.storyboard in Resources */,
			);
			runOnlyForDeploymentPostprocessing = 0;
		};
		2F581DAA1EE9441B0091CC7C /* Resources */ = {
			isa = PBXResourcesBuildPhase;
			buildActionMask = 2147483647;
			files = (
			);
			runOnlyForDeploymentPostprocessing = 0;
		};
		2F581DB51EE9441B0091CC7C /* Resources */ = {
			isa = PBXResourcesBuildPhase;
			buildActionMask = 2147483647;
			files = (
			);
			runOnlyForDeploymentPostprocessing = 0;
		};
/* End PBXResourcesBuildPhase section */

/* Begin PBXSourcesBuildPhase section */
		2F581D941EE9441B0091CC7C /* Sources */ = {
			isa = PBXSourcesBuildPhase;
			buildActionMask = 2147483647;
			files = (
				2F581D9E1EE9441B0091CC7C /* ViewController.swift in Sources */,
				2F581D9C1EE9441B0091CC7C /* AppDelegate.swift in Sources */,
			);
			runOnlyForDeploymentPostprocessing = 0;
		};
		2F581DA81EE9441B0091CC7C /* Sources */ = {
			isa = PBXSourcesBuildPhase;
			buildActionMask = 2147483647;
			files = (
				2F581DB11EE9441B0091CC7C /* FirProjTests.swift in Sources */,
			);
			runOnlyForDeploymentPostprocessing = 0;
		};
		2F581DB31EE9441B0091CC7C /* Sources */ = {
			isa = PBXSourcesBuildPhase;
			buildActionMask = 2147483647;
			files = (
				2F581DBC1EE9441B0091CC7C /* FirProjUITests.swift in Sources */,
			);
			runOnlyForDeploymentPostprocessing = 0;
		};
/* End PBXSourcesBuildPhase section */

/* Begin PBXTargetDependency section */
		2F581DAE1EE9441B0091CC7C /* PBXTargetDependency */ = {
			isa = PBXTargetDependency;
			target = 2F581D971EE9441B0091CC7C /* FirProj */;
			targetProxy = 2F581DAD1EE9441B0091CC7C /* PBXContainerItemProxy */;
		};
		2F581DB91EE9441B0091CC7C /* PBXTargetDependency */ = {
			isa = PBXTargetDependency;
			target = 2F581D971EE9441B0091CC7C /* FirProj */;
			targetProxy = 2F581DB81EE9441B0091CC7C /* PBXContainerItemProxy */;
		};
/* End PBXTargetDependency section */

/* Begin PBXVariantGroup section */
		2F581D9F1EE9441B0091CC7C /* Main.storyboard */ = {
			isa = PBXVariantGroup;
			children = (
				2F581DA01EE9441B0091CC7C /* Base */,
			);
			name = Main.storyboard;
			sourceTree = "<group>";
		};
		2F581DA41EE9441B0091CC7C /* LaunchScreen.storyboard */ = {
			isa = PBXVariantGroup;
			children = (
				2F581DA51EE9441B0091CC7C /* Base */,
			);
			name = LaunchScreen.storyboard;
			sourceTree = "<group>";
		};
/* End PBXVariantGroup section */

/* Begin XCBuildConfiguration section */
		2F581DBE1EE9441B0091CC7C /* Debug */ = {
			isa = XCBuildConfiguration;
			buildSettings = {
				ALWAYS_SEARCH_USER_PATHS = NO;
				CLANG_ANALYZER_NONNULL = YES;
				CLANG_ANALYZER_NUMBER_OBJECT_CONVERSION = YES_AGGRESSIVE;
				CLANG_CXX_LANGUAGE_STANDARD = "gnu++0x";
				CLANG_CXX_LIBRARY = "libc++";
				CLANG_ENABLE_MODULES = YES;
				CLANG_ENABLE_OBJC_ARC = YES;
				CLANG_WARN_BOOL_CONVERSION = YES;
				CLANG_WARN_CONSTANT_CONVERSION = YES;
				CLANG_WARN_DIRECT_OBJC_ISA_USAGE = YES_ERROR;
				CLANG_WARN_DOCUMENTATION_COMMENTS = YES;
				CLANG_WARN_EMPTY_BODY = YES;
				CLANG_WARN_ENUM_CONVERSION = YES;
				CLANG_WARN_INFINITE_RECURSION = YES;
				CLANG_WARN_INT_CONVERSION = YES;
				CLANG_WARN_OBJC_ROOT_CLASS = YES_ERROR;
				CLANG_WARN_SUSPICIOUS_MOVE = YES;
				CLANG_WARN_UNREACHABLE_CODE = YES;
				CLANG_WARN__DUPLICATE_METHOD_MATCH = YES;
				"CODE_SIGN_IDENTITY[sdk=iphoneos*]" = "iPhone Developer";
				COPY_PHASE_STRIP = NO;
				DEBUG_INFORMATION_FORMAT = dwarf;
				ENABLE_STRICT_OBJC_MSGSEND = YES;
				ENABLE_TESTABILITY = YES;
				GCC_C_LANGUAGE_STANDARD = gnu99;
				GCC_DYNAMIC_NO_PIC = NO;
				GCC_NO_COMMON_BLOCKS = YES;
				GCC_OPTIMIZATION_LEVEL = 0;
				GCC_PREPROCESSOR_DEFINITIONS = (
					"DEBUG=1",
					"$(inherited)",
				);
				GCC_WARN_64_TO_32_BIT_CONVERSION = YES;
				GCC_WARN_ABOUT_RETURN_TYPE = YES_ERROR;
				GCC_WARN_UNDECLARED_SELECTOR = YES;
				GCC_WARN_UNINITIALIZED_AUTOS = YES_AGGRESSIVE;
				GCC_WARN_UNUSED_FUNCTION = YES;
				GCC_WARN_UNUSED_VARIABLE = YES;
				IPHONEOS_DEPLOYMENT_TARGET = 10.3;
				MTL_ENABLE_DEBUG_INFO = YES;
				ONLY_ACTIVE_ARCH = YES;
				SDKROOT = iphoneos;
				SWIFT_ACTIVE_COMPILATION_CONDITIONS = DEBUG;
				SWIFT_OPTIMIZATION_LEVEL = "-Onone";
				TARGETED_DEVICE_FAMILY = "1,2";
			};
			name = Debug;
		};
		2F581DBF1EE9441B0091CC7C /* Release */ = {
			isa = XCBuildConfiguration;
			buildSettings = {
				ALWAYS_SEARCH_USER_PATHS = NO;
				CLANG_ANALYZER_NONNULL = YES;
				CLANG_ANALYZER_NUMBER_OBJECT_CONVERSION = YES_AGGRESSIVE;
				CLANG_CXX_LANGUAGE_STANDARD = "gnu++0x";
				CLANG_CXX_LIBRARY = "libc++";
				CLANG_ENABLE_MODULES = YES;
				CLANG_ENABLE_OBJC_ARC = YES;
				CLANG_WARN_BOOL_CONVERSION = YES;
				CLANG_WARN_CONSTANT_CONVERSION = YES;
				CLANG_WARN_DIRECT_OBJC_ISA_USAGE = YES_ERROR;
				CLANG_WARN_DOCUMENTATION_COMMENTS = YES;
				CLANG_WARN_EMPTY_BODY = YES;
				CLANG_WARN_ENUM_CONVERSION = YES;
				CLANG_WARN_INFINITE_RECURSION = YES;
				CLANG_WARN_INT_CONVERSION = YES;
				CLANG_WARN_OBJC_ROOT_CLASS = YES_ERROR;
				CLANG_WARN_SUSPICIOUS_MOVE = YES;
				CLANG_WARN_UNREACHABLE_CODE = YES;
				CLANG_WARN__DUPLICATE_METHOD_MATCH = YES;
				"CODE_SIGN_IDENTITY[sdk=iphoneos*]" = "iPhone Developer";
				COPY_PHASE_STRIP = NO;
				DEBUG_INFORMATION_FORMAT = "dwarf-with-dsym";
				ENABLE_NS_ASSERTIONS = NO;
				ENABLE_STRICT_OBJC_MSGSEND = YES;
				GCC_C_LANGUAGE_STANDARD = gnu99;
				GCC_NO_COMMON_BLOCKS = YES;
				GCC_WARN_64_TO_32_BIT_CONVERSION = YES;
				GCC_WARN_ABOUT_RETURN_TYPE = YES_ERROR;
				GCC_WARN_UNDECLARED_SELECTOR = YES;
				GCC_WARN_UNINITIALIZED_AUTOS = YES_AGGRESSIVE;
				GCC_WARN_UNUSED_FUNCTION = YES;
				GCC_WARN_UNUSED_VARIABLE = YES;
				IPHONEOS_DEPLOYMENT_TARGET = 10.3;
				MTL_ENABLE_DEBUG_INFO = NO;
				SDKROOT = iphoneos;
				SWIFT_OPTIMIZATION_LEVEL = "-Owholemodule";
				TARGETED_DEVICE_FAMILY = "1,2";
				VALIDATE_PRODUCT = YES;
			};
			name = Release;
		};
		2F581DC11EE9441B0091CC7C /* Debug */ = {
			isa = XCBuildConfiguration;
			buildSettings = {
				ASSETCATALOG_COMPILER_APPICON_NAME = AppIcon;
				INFOPLIST_FILE = FirProj/Info.plist;
				LD_RUNPATH_SEARCH_PATHS = "$(inherited) @executable_path/Frameworks";
				PRODUCT_BUNDLE_IDENTIFIER = "JS-Inc..FirProj";
				PRODUCT_NAME = "$(TARGET_NAME)";
				SWIFT_VERSION = 3.0;
			};
			name = Debug;
		};
		2F581DC21EE9441B0091CC7C /* Release */ = {
			isa = XCBuildConfiguration;
			buildSettings = {
				ASSETCATALOG_COMPILER_APPICON_NAME = AppIcon;
				INFOPLIST_FILE = FirProj/Info.plist;
				LD_RUNPATH_SEARCH_PATHS = "$(inherited) @executable_path/Frameworks";
				PRODUCT_BUNDLE_IDENTIFIER = "JS-Inc..FirProj";
				PRODUCT_NAME = "$(TARGET_NAME)";
				SWIFT_VERSION = 3.0;
			};
			name = Release;
		};
		2F581DC41EE9441B0091CC7C /* Debug */ = {
			isa = XCBuildConfiguration;
			buildSettings = {
				ALWAYS_EMBED_SWIFT_STANDARD_LIBRARIES = YES;
				BUNDLE_LOADER = "$(TEST_HOST)";
				INFOPLIST_FILE = FirProjTests/Info.plist;
				LD_RUNPATH_SEARCH_PATHS = "$(inherited) @executable_path/Frameworks @loader_path/Frameworks";
				PRODUCT_BUNDLE_IDENTIFIER = "JS-Inc..FirProjTests";
				PRODUCT_NAME = "$(TARGET_NAME)";
				SWIFT_VERSION = 3.0;
				TEST_HOST = "$(BUILT_PRODUCTS_DIR)/FirProj.app/FirProj";
			};
			name = Debug;
		};
		2F581DC51EE9441B0091CC7C /* Release */ = {
			isa = XCBuildConfiguration;
			buildSettings = {
				ALWAYS_EMBED_SWIFT_STANDARD_LIBRARIES = YES;
				BUNDLE_LOADER = "$(TEST_HOST)";
				INFOPLIST_FILE = FirProjTests/Info.plist;
				LD_RUNPATH_SEARCH_PATHS = "$(inherited) @executable_path/Frameworks @loader_path/Frameworks";
				PRODUCT_BUNDLE_IDENTIFIER = "JS-Inc..FirProjTests";
				PRODUCT_NAME = "$(TARGET_NAME)";
				SWIFT_VERSION = 3.0;
				TEST_HOST = "$(BUILT_PRODUCTS_DIR)/FirProj.app/FirProj";
			};
			name = Release;
		};
		2F581DC71EE9441B0091CC7C /* Debug */ = {
			isa = XCBuildConfiguration;
			buildSettings = {
				ALWAYS_EMBED_SWIFT_STANDARD_LIBRARIES = YES;
				INFOPLIST_FILE = FirProjUITests/Info.plist;
				LD_RUNPATH_SEARCH_PATHS = "$(inherited) @executable_path/Frameworks @loader_path/Frameworks";
				PRODUCT_BUNDLE_IDENTIFIER = "JS-Inc..FirProjUITests";
				PRODUCT_NAME = "$(TARGET_NAME)";
				SWIFT_VERSION = 3.0;
				TEST_TARGET_NAME = FirProj;
			};
			name = Debug;
		};
		2F581DC81EE9441B0091CC7C /* Release */ = {
			isa = XCBuildConfiguration;
			buildSettings = {
				ALWAYS_EMBED_SWIFT_STANDARD_LIBRARIES = YES;
				INFOPLIST_FILE = FirProjUITests/Info.plist;
				LD_RUNPATH_SEARCH_PATHS = "$(inherited) @executable_path/Frameworks @loader_path/Frameworks";
				PRODUCT_BUNDLE_IDENTIFIER = "JS-Inc..FirProjUITests";
				PRODUCT_NAME = "$(TARGET_NAME)";
				SWIFT_VERSION = 3.0;
				TEST_TARGET_NAME = FirProj;
			};
			name = Release;
		};
/* End XCBuildConfiguration section */

/* Begin XCConfigurationList section */
		2F581D931EE9441B0091CC7C /* Build configuration list for PBXProject "FirProj" */ = {
			isa = XCConfigurationList;
			buildConfigurations = (
				2F581DBE1EE9441B0091CC7C /* Debug */,
				2F581DBF1EE9441B0091CC7C /* Release */,
			);
			defaultConfigurationIsVisible = 0;
			defaultConfigurationName = Release;
		};
		2F581DC01EE9441B0091CC7C /* Build configuration list for PBXNativeTarget "FirProj" */ = {
			isa = XCConfigurationList;
			buildConfigurations = (
				2F581DC11EE9441B0091CC7C /* Debug */,
				2F581DC21EE9441B0091CC7C /* Release */,
			);
			defaultConfigurationIsVisible = 0;
			defaultConfigurationName = Release;
		};
		2F581DC31EE9441B0091CC7C /* Build configuration list for PBXNativeTarget "FirProjTests" */ = {
			isa = XCConfigurationList;
			buildConfigurations = (
				2F581DC41EE9441B0091CC7C /* Debug */,
				2F581DC51EE9441B0091CC7C /* Release */,
			);
			defaultConfigurationIsVisible = 0;
			defaultConfigurationName = Release;
		};
		2F581DC61EE9441B0091CC7C /* Build configuration list for PBXNativeTarget "FirProjUITests" */ = {
			isa = XCConfigurationList;
			buildConfigurations = (
				2F581DC71EE9441B0091CC7C /* Debug */,
				2F581DC81EE9441B0091CC7C /* Release */,
			);
			defaultConfigurationIsVisible = 0;
			defaultConfigurationName = Release;
		};
/* End XCConfigurationList section */
	};
	rootObject = 2F581D901EE9441B0091CC7C /* Project object */;
}
